
Microsoft Visual Studio Solution File, Format Version 12.00
# Visual Studio 15
VisualStudioVersion = 15.0.28307.960
MinimumVisualStudioVersion = 10.0.40219.1
Project("{FAE04EC0-301F-11D3-BF4B-00C04F79EFBC}") = "EmployeeRecordSystem", "EmployeeRecordSystem\EmployeeRecordSystem.csproj", "{59AB6EF1-0AD5-4CDF-91EE-BB22DDCA2012}"
EndProject
Global
	GlobalSection(SolutionConfigurationPlatforms) = preSolution
		Debug|Any CPU = Debug|Any CPU
		Release|Any CPU = Release|Any CPU
	EndGlobalSection
	GlobalSection(ProjectConfigurationPlatforms) = postSolution
		{59AB6EF1-0AD5-4CDF-91EE-BB22DDCA2012}.Debug|Any CPU.ActiveCfg = Debug|Any CPU
		{59AB6EF1-0AD5-4CDF-91EE-BB22DDCA2012}.Debug|Any CPU.Build.0 = Debug|Any CPU
		{59AB6EF1-0AD5-4CDF-91EE-BB22DDCA2012}.Release|Any CPU.ActiveCfg = Release|Any CPU
		{59AB6EF1-0AD5-4CDF-91EE-BB22DDCA2012}.Release|Any CPU.Build.0 = Release|Any CPU
	EndGlobalSection
	GlobalSection(SolutionProperties) = preSolution
		HideSolutionNode = FALSE
	EndGlobalSection
	GlobalSection(ExtensibilityGlobals) = postSolution
		SolutionGuid = {C31BB625-FACF-4C3A-B236-0F0D1D2B82EC}
	EndGlobalSection
EndGlobal
